# This file is automatically @generated by Cargo.
# It is not intended for manual editing.
version = 4

[[package]]
name = "cfg-if"
version = "1.0.4"
source = "registry+https://github.com/rust-lang/crates.io-index"
checksum = "9330f8b2ff13f34540b44e946ef35111825727b38d33286ef986142615121801"

[[package]]
name = "libftd3xx-ffi"
version = "0.0.2"
source = "registry+https://github.com/rust-lang/crates.io-index"
checksum = "2396c6c71f415c1b0693e4e74798a77921a02f53874e4ce4b73d3b1c298dbc86"
dependencies = [
 "cfg-if",
]

[[package]]
name = "libftd3xx_ffi_test"
version = "0.1.0"
dependencies = [
 "libftd3xx-ffi",
]
